
Microsoft Visual Studio Solution File, Format Version 12.00
Project("{FAE04EC0-301F-11D3-BF4B-00C04F79EFBC}") = "Hedgehog.Infrastructure", "Hedgehog.Infrastructure\Hedgehog.Infrastructure.csproj", "{A9E70520-4C7E-479E-9B99-20602A611DEA}"
EndProject
Project("{FAE04EC0-301F-11D3-BF4B-00C04F79EFBC}") = "Hedgehog.Persistence", "Hedgehog.Persistence\Hedgehog.Persistence.csproj", "{7F1E3B92-8D23-44EE-A7AC-0911EE06AE63}"
EndProject
Project("{FAE04EC0-301F-11D3-BF4B-00C04F79EFBC}") = "Hedgehog.RestApi", "Hedgehog.RestApi\Hedgehog.RestApi.csproj", "{DCE02E42-03E3-47E5-A773-E32B55BBC798}"
EndProject
Project("{FAE04EC0-301F-11D3-BF4B-00C04F79EFBC}") = "Hedgehog.DTOs", "Hedgehog.DTOs\Hedgehog.DTOs.csproj", "{83BEC606-EECF-4B92-8A5A-19DF2E6CEE48}"
EndProject
Project("{FAE04EC0-301F-11D3-BF4B-00C04F79EFBC}") = "Hedgehog.UI", "Hedgehog.UI\Hedgehog.UI.csproj", "{112287D8-71D1-4B38-8556-5F8C48FE2648}"
EndProject
Project("{2150E333-8FDC-42A3-9474-1A3956D46DE8}") = "Docker", "Docker", "{C1D912E7-B3BA-4F1A-A5F7-AD7A60377358}"
	ProjectSection(SolutionItems) = preProject
		.dockerignore = .dockerignore
		docker-compose.yml = docker-compose.yml
		wait-for-it.sh = wait-for-it.sh
	EndProjectSection
EndProject
Project("{FAE04EC0-301F-11D3-BF4B-00C04F79EFBC}") = "Hedgehog.UnitTests", "Hedgehog.UnitTests\Hedgehog.UnitTests.csproj", "{4641D71A-3617-4FBC-A082-463A100FD196}"
EndProject
Project("{2150E333-8FDC-42A3-9474-1A3956D46DE8}") = "Misc", "Misc", "{D429367A-3006-463D-98BC-BA36256232F9}"
	ProjectSection(SolutionItems) = preProject
		nlog.config = nlog.config
	EndProjectSection
EndProject
Global
	GlobalSection(SolutionConfigurationPlatforms) = preSolution
		Debug|Any CPU = Debug|Any CPU
		Release|Any CPU = Release|Any CPU
	EndGlobalSection
	GlobalSection(ProjectConfigurationPlatforms) = postSolution
		{A9E70520-4C7E-479E-9B99-20602A611DEA}.Debug|Any CPU.ActiveCfg = Debug|Any CPU
		{A9E70520-4C7E-479E-9B99-20602A611DEA}.Debug|Any CPU.Build.0 = Debug|Any CPU
		{A9E70520-4C7E-479E-9B99-20602A611DEA}.Release|Any CPU.ActiveCfg = Release|Any CPU
		{A9E70520-4C7E-479E-9B99-20602A611DEA}.Release|Any CPU.Build.0 = Release|Any CPU
		{7F1E3B92-8D23-44EE-A7AC-0911EE06AE63}.Debug|Any CPU.ActiveCfg = Debug|Any CPU
		{7F1E3B92-8D23-44EE-A7AC-0911EE06AE63}.Debug|Any CPU.Build.0 = Debug|Any CPU
		{7F1E3B92-8D23-44EE-A7AC-0911EE06AE63}.Release|Any CPU.ActiveCfg = Release|Any CPU
		{7F1E3B92-8D23-44EE-A7AC-0911EE06AE63}.Release|Any CPU.Build.0 = Release|Any CPU
		{DCE02E42-03E3-47E5-A773-E32B55BBC798}.Debug|Any CPU.ActiveCfg = Debug|Any CPU
		{DCE02E42-03E3-47E5-A773-E32B55BBC798}.Debug|Any CPU.Build.0 = Debug|Any CPU
		{DCE02E42-03E3-47E5-A773-E32B55BBC798}.Release|Any CPU.ActiveCfg = Release|Any CPU
		{DCE02E42-03E3-47E5-A773-E32B55BBC798}.Release|Any CPU.Build.0 = Release|Any CPU
		{83BEC606-EECF-4B92-8A5A-19DF2E6CEE48}.Debug|Any CPU.ActiveCfg = Debug|Any CPU
		{83BEC606-EECF-4B92-8A5A-19DF2E6CEE48}.Debug|Any CPU.Build.0 = Debug|Any CPU
		{83BEC606-EECF-4B92-8A5A-19DF2E6CEE48}.Release|Any CPU.ActiveCfg = Release|Any CPU
		{83BEC606-EECF-4B92-8A5A-19DF2E6CEE48}.Release|Any CPU.Build.0 = Release|Any CPU
		{112287D8-71D1-4B38-8556-5F8C48FE2648}.Debug|Any CPU.ActiveCfg = Debug|Any CPU
		{112287D8-71D1-4B38-8556-5F8C48FE2648}.Debug|Any CPU.Build.0 = Debug|Any CPU
		{112287D8-71D1-4B38-8556-5F8C48FE2648}.Release|Any CPU.ActiveCfg = Release|Any CPU
		{112287D8-71D1-4B38-8556-5F8C48FE2648}.Release|Any CPU.Build.0 = Release|Any CPU
		{4641D71A-3617-4FBC-A082-463A100FD196}.Debug|Any CPU.ActiveCfg = Debug|Any CPU
		{4641D71A-3617-4FBC-A082-463A100FD196}.Debug|Any CPU.Build.0 = Debug|Any CPU
		{4641D71A-3617-4FBC-A082-463A100FD196}.Release|Any CPU.ActiveCfg = Release|Any CPU
		{4641D71A-3617-4FBC-A082-463A100FD196}.Release|Any CPU.Build.0 = Release|Any CPU
	EndGlobalSection
EndGlobal
